<?xml version="1.0" encoding="utf-8"?>
<Project ToolsVersion="4.0" xmlns="http://schemas.microsoft.com/developer/msbuild/2003">
  <ItemGroup>
    <Filter Include="include">
      <UniqueIdentifier>{93995380-89BD-4b04-88EB-625FBE52EBFB}</UniqueIdentifier>
      <Extensions>h;hh;hpp;hxx;h++;hm;inl;inc;ipp;xsd</Extensions>
    </Filter>
    <Filter Include="sources">
      <UniqueIdentifier>{4FC737F1-C7A5-4376-A066-2A32D752A2FF}</UniqueIdentifier>
      <Extensions>cpp;c;cc;cxx;c++;cppm;ixx;def;odl;idl;hpj;bat;asm;asmx</Extensions>
    </Filter>
  </ItemGroup>
  <ItemGroup>
    <None Include=".editorconfig" />
    <None Include="..\..\src\lib_json\json_valueiterator.inl">
      <Filter>sources</Filter>
    </None>
  </ItemGroup>
  <ItemGroup>
    <ClInclude Include="..\..\include\jsoncpp\json\allocator.h">
      <Filter>include</Filter>
    </ClInclude>
    <ClInclude Include="..\..\include\jsoncpp\json\assertions.h">
      <Filter>include</Filter>
    </ClInclude>
    <ClInclude Include="..\..\include\jsoncpp\json\config.h">
      <Filter>include</Filter>
    </ClInclude>
    <ClInclude Include="..\..\include\jsoncpp\json\forwards.h">
      <Filter>include</Filter>
    </ClInclude>
    <ClInclude Include="..\..\include\jsoncpp\json\json.h">
      <Filter>include</Filter>
    </ClInclude>
    <ClInclude Include="..\..\include\jsoncpp\json\json_features.h">
      <Filter>include</Filter>
    </ClInclude>
    <ClInclude Include="..\..\include\jsoncpp\json\reader.h">
      <Filter>include</Filter>
    </ClInclude>
    <ClInclude Include="..\..\include\jsoncpp\json\value.h">
      <Filter>include</Filter>
    </ClInclude>
    <ClInclude Include="..\..\include\jsoncpp\json\version.h">
      <Filter>include</Filter>
    </ClInclude>
    <ClInclude Include="..\..\include\jsoncpp\json\writer.h">
      <Filter>include</Filter>
    </ClInclude>
    <ClInclude Include="..\..\src\lib_json\json_tool.h">
      <Filter>sources</Filter>
    </ClInclude>
  </ItemGroup>
  <ItemGroup>
    <ClCompile Include="..\..\src\lib_json\json_reader.cpp">
      <Filter>sources</Filter>
    </ClCompile>
    <ClCompile Include="..\..\src\lib_json\json_value.cpp">
      <Filter>sources</Filter>
    </ClCompile>
    <ClCompile Include="..\..\src\lib_json\json_writer.cpp">
      <Filter>sources</Filter>
    </ClCompile>
  </ItemGroup>
</Project>